# THIS IS AN AUTOGENERATED FILE. DO NOT EDIT THIS FILE DIRECTLY.
# yarn lockfile v1


eslint-config-metrological@Metrological/eslint-config-metrological#1.4.15:
  version "1.4.15"
  resolved "https://codeload.github.com/Metrological/eslint-config-metrological/tar.gz/e05804a9f2d5abb4bbadcbd1d3baf4539769fe20"
